PODS:
  - ZSSwiftCommon (0.1.1):
    - ZSSwiftCommon/Extension (= 0.1.1)
    - ZSSwiftCommon/Params (= 0.1.1)
  - ZSSwiftCommon/Extension (0.1.1)
  - ZSSwiftCommon/Params (0.1.1)

DEPENDENCIES:
  - ZSSwiftCommon (from `../`)

EXTERNAL SOURCES:
  ZSSwiftCommon:
    :path: "../"

SPEC CHECKSUMS:
  ZSSwiftCommon: 223de501b9dfc3b3a6750819b48f18b8b70367b8

PODFILE CHECKSUM: 157df08d926bd03c3db99bbfc229a6f303fd105a

COCOAPODS: 1.8.4
